// !$*UTF8*$!
{
	archiveVersion = 1;
	classes = {
	};
	objectVersion = 50;
	objects = {

/* Begin PBXBuildFile section */
		BF258FC32353AABE00D1CD34 /* Constant.swift in Sources */ = {isa = PBXBuildFile; fileRef = BF258FC22353AABE00D1CD34 /* Constant.swift */; };
		BF53D0B72352C17900497CF3 /* PagerDotControlView.swift in Sources */ = {isa = PBXBuildFile; fileRef = BF53D0B62352C17900497CF3 /* PagerDotControlView.swift */; };
		BF53D0B92352C8DA00497CF3 /* WhiteContinueButton.swift in Sources */ = {isa = PBXBuildFile; fileRef = BF53D0B82352C8DA00497CF3 /* WhiteContinueButton.swift */; };
		BF80C62F2351A41A000F4AF0 /* AppDelegate.swift in Sources */ = {isa = PBXBuildFile; fileRef = BF80C62E2351A41A000F4AF0 /* AppDelegate.swift */; };
		BF80C6312351A41A000F4AF0 /* SceneDelegate.swift in Sources */ = {isa = PBXBuildFile; fileRef = BF80C6302351A41A000F4AF0 /* SceneDelegate.swift */; };
		BF80C6332351A41A000F4AF0 /* GoalTypeIconView.swift in Sources */ = {isa = PBXBuildFile; fileRef = BF80C6322351A41A000F4AF0 /* GoalTypeIconView.swift */; };
		BF80C6352351A41B000F4AF0 /* Assets.xcassets in Resources */ = {isa = PBXBuildFile; fileRef = BF80C6342351A41B000F4AF0 /* Assets.xcassets */; };
		BF80C6382351A41B000F4AF0 /* Preview Assets.xcassets in Resources */ = {isa = PBXBuildFile; fileRef = BF80C6372351A41B000F4AF0 /* Preview Assets.xcassets */; };
		BF80C63B2351A41B000F4AF0 /* LaunchScreen.storyboard in Resources */ = {isa = PBXBuildFile; fileRef = BF80C6392351A41B000F4AF0 /* LaunchScreen.storyboard */; };
		BF80C6432351A5A3000F4AF0 /* ColorExtension.swift in Sources */ = {isa = PBXBuildFile; fileRef = BF80C6422351A5A3000F4AF0 /* ColorExtension.swift */; };
		BF80C6452351A819000F4AF0 /* GoalType.swift in Sources */ = {isa = PBXBuildFile; fileRef = BF80C6442351A819000F4AF0 /* GoalType.swift */; };
		BF80C6472351AE5D000F4AF0 /* ViewExtension.swift in Sources */ = {isa = PBXBuildFile; fileRef = BF80C6462351AE5D000F4AF0 /* ViewExtension.swift */; };
		BF80C6492351AFE2000F4AF0 /* Clasp.swift in Sources */ = {isa = PBXBuildFile; fileRef = BF80C6482351AFE2000F4AF0 /* Clasp.swift */; };
		BF80C64C23522348000F4AF0 /* OnboardingScrollingView.swift in Sources */ = {isa = PBXBuildFile; fileRef = BF80C64B23522348000F4AF0 /* OnboardingScrollingView.swift */; };
		BF80C64E2352281A000F4AF0 /* InitialView.swift in Sources */ = {isa = PBXBuildFile; fileRef = BF80C64D2352281A000F4AF0 /* InitialView.swift */; };
		BF80C650235234D8000F4AF0 /* PagerView.swift in Sources */ = {isa = PBXBuildFile; fileRef = BF80C64F235234D8000F4AF0 /* PagerView.swift */; };
		BF80C6522352388C000F4AF0 /* OnboardingPageView.swift in Sources */ = {isa = PBXBuildFile; fileRef = BF80C6512352388C000F4AF0 /* OnboardingPageView.swift */; };
		BF80C656235247ED000F4AF0 /* OnboardingType.swift in Sources */ = {isa = PBXBuildFile; fileRef = BF80C655235247ED000F4AF0 /* OnboardingType.swift */; };
		BF80C65823525196000F4AF0 /* FontExtension.swift in Sources */ = {isa = PBXBuildFile; fileRef = BF80C65723525196000F4AF0 /* FontExtension.swift */; };
/* End PBXBuildFile section */

/* Begin PBXFileReference section */
		BF258FC22353AABE00D1CD34 /* Constant.swift */ = {isa = PBXFileReference; lastKnownFileType = sourcecode.swift; path = Constant.swift; sourceTree = "<group>"; };
		BF53D0B62352C17900497CF3 /* PagerDotControlView.swift */ = {isa = PBXFileReference; lastKnownFileType = sourcecode.swift; path = PagerDotControlView.swift; sourceTree = "<group>"; };
		BF53D0B82352C8DA00497CF3 /* WhiteContinueButton.swift */ = {isa = PBXFileReference; lastKnownFileType = sourcecode.swift; path = WhiteContinueButton.swift; sourceTree = "<group>"; };
		BF80C62B2351A41A000F4AF0 /* VimvestSwiftUI.app */ = {isa = PBXFileReference; explicitFileType = wrapper.application; includeInIndex = 0; path = VimvestSwiftUI.app; sourceTree = BUILT_PRODUCTS_DIR; };
		BF80C62E2351A41A000F4AF0 /* AppDelegate.swift */ = {isa = PBXFileReference; lastKnownFileType = sourcecode.swift; path = AppDelegate.swift; sourceTree = "<group>"; };
		BF80C6302351A41A000F4AF0 /* SceneDelegate.swift */ = {isa = PBXFileReference; lastKnownFileType = sourcecode.swift; path = SceneDelegate.swift; sourceTree = "<group>"; };
		BF80C6322351A41A000F4AF0 /* GoalTypeIconView.swift */ = {isa = PBXFileReference; lastKnownFileType = sourcecode.swift; path = GoalTypeIconView.swift; sourceTree = "<group>"; };
		BF80C6342351A41B000F4AF0 /* Assets.xcassets */ = {isa = PBXFileReference; lastKnownFileType = folder.assetcatalog; path = Assets.xcassets; sourceTree = "<group>"; };
		BF80C6372351A41B000F4AF0 /* Preview Assets.xcassets */ = {isa = PBXFileReference; lastKnownFileType = folder.assetcatalog; path = "Preview Assets.xcassets"; sourceTree = "<group>"; };
		BF80C63A2351A41B000F4AF0 /* Base */ = {isa = PBXFileReference; lastKnownFileType = file.storyboard; name = Base; path = Base.lproj/LaunchScreen.storyboard; sourceTree = "<group>"; };
		BF80C63C2351A41B000F4AF0 /* Info.plist */ = {isa = PBXFileReference; lastKnownFileType = text.plist.xml; path = Info.plist; sourceTree = "<group>"; };
		BF80C6422351A5A3000F4AF0 /* ColorExtension.swift */ = {isa = PBXFileReference; lastKnownFileType = sourcecode.swift; path = ColorExtension.swift; sourceTree = "<group>"; };
		BF80C6442351A819000F4AF0 /* GoalType.swift */ = {isa = PBXFileReference; lastKnownFileType = sourcecode.swift; path = GoalType.swift; sourceTree = "<group>"; };
		BF80C6462351AE5D000F4AF0 /* ViewExtension.swift */ = {isa = PBXFileReference; lastKnownFileType = sourcecode.swift; path = ViewExtension.swift; sourceTree = "<group>"; };
		BF80C6482351AFE2000F4AF0 /* Clasp.swift */ = {isa = PBXFileReference; lastKnownFileType = sourcecode.swift; path = Clasp.swift; sourceTree = "<group>"; };
		BF80C64B23522348000F4AF0 /* OnboardingScrollingView.swift */ = {isa = PBXFileReference; lastKnownFileType = sourcecode.swift; path = OnboardingScrollingView.swift; sourceTree = "<group>"; };
		BF80C64D2352281A000F4AF0 /* InitialView.swift */ = {isa = PBXFileReference; lastKnownFileType = sourcecode.swift; path = InitialView.swift; sourceTree = "<group>"; };
		BF80C64F235234D8000F4AF0 /* PagerView.swift */ = {isa = PBXFileReference; lastKnownFileType = sourcecode.swift; path = PagerView.swift; sourceTree = "<group>"; };
		BF80C6512352388C000F4AF0 /* OnboardingPageView.swift */ = {isa = PBXFileReference; lastKnownFileType = sourcecode.swift; path = OnboardingPageView.swift; sourceTree = "<group>"; };
		BF80C655235247ED000F4AF0 /* OnboardingType.swift */ = {isa = PBXFileReference; lastKnownFileType = sourcecode.swift; path = OnboardingType.swift; sourceTree = "<group>"; };
		BF80C65723525196000F4AF0 /* FontExtension.swift */ = {isa = PBXFileReference; lastKnownFileType = sourcecode.swift; path = FontExtension.swift; sourceTree = "<group>"; };
/* End PBXFileReference section */

/* Begin PBXFrameworksBuildPhase section */
		BF80C6282351A41A000F4AF0 /* Frameworks */ = {
			isa = PBXFrameworksBuildPhase;
			buildActionMask = 2147483647;
			files = (
			);
			runOnlyForDeploymentPostprocessing = 0;
		};
/* End PBXFrameworksBuildPhase section */

/* Begin PBXGroup section */
		BF80C6222351A41A000F4AF0 = {
			isa = PBXGroup;
			children = (
				BF80C62D2351A41A000F4AF0 /* VimvestSwiftUI */,
				BF80C62C2351A41A000F4AF0 /* Products */,
			);
			sourceTree = "<group>";
		};
		BF80C62C2351A41A000F4AF0 /* Products */ = {
			isa = PBXGroup;
			children = (
				BF80C62B2351A41A000F4AF0 /* VimvestSwiftUI.app */,
			);
			name = Products;
			sourceTree = "<group>";
		};
		BF80C62D2351A41A000F4AF0 /* VimvestSwiftUI */ = {
			isa = PBXGroup;
			children = (
				BF80C62E2351A41A000F4AF0 /* AppDelegate.swift */,
				BF80C6302351A41A000F4AF0 /* SceneDelegate.swift */,
				BF80C6322351A41A000F4AF0 /* GoalTypeIconView.swift */,
				BF258FC22353AABE00D1CD34 /* Constant.swift */,
				BF80C64D2352281A000F4AF0 /* InitialView.swift */,
				BF80C654235244F1000F4AF0 /* Onboarding */,
				BF80C653235244D7000F4AF0 /* SupportingViews */,
				BF80C64A2351B177000F4AF0 /* Extensions */,
				BF80C6442351A819000F4AF0 /* GoalType.swift */,
				BF80C6342351A41B000F4AF0 /* Assets.xcassets */,
				BF80C6392351A41B000F4AF0 /* LaunchScreen.storyboard */,
				BF80C63C2351A41B000F4AF0 /* Info.plist */,
				BF80C6362351A41B000F4AF0 /* Preview Content */,
			);
			path = VimvestSwiftUI;
			sourceTree = "<group>";
		};
		BF80C6362351A41B000F4AF0 /* Preview Content */ = {
			isa = PBXGroup;
			children = (
				BF80C6372351A41B000F4AF0 /* Preview Assets.xcassets */,
			);
			path = "Preview Content";
			sourceTree = "<group>";
		};
		BF80C64A2351B177000F4AF0 /* Extensions */ = {
			isa = PBXGroup;
			children = (
				BF80C6422351A5A3000F4AF0 /* ColorExtension.swift */,
				BF80C6462351AE5D000F4AF0 /* ViewExtension.swift */,
				BF80C65723525196000F4AF0 /* FontExtension.swift */,
				BF80C6482351AFE2000F4AF0 /* Clasp.swift */,
			);
			path = Extensions;
			sourceTree = "<group>";
		};
		BF80C653235244D7000F4AF0 /* SupportingViews */ = {
			isa = PBXGroup;
			children = (
				BF80C64F235234D8000F4AF0 /* PagerView.swift */,
				BF53D0B62352C17900497CF3 /* PagerDotControlView.swift */,
				BF53D0B82352C8DA00497CF3 /* WhiteContinueButton.swift */,
			);
			path = SupportingViews;
			sourceTree = "<group>";
		};
		BF80C654235244F1000F4AF0 /* Onboarding */ = {
			isa = PBXGroup;
			children = (
				BF80C655235247ED000F4AF0 /* OnboardingType.swift */,
				BF80C64B23522348000F4AF0 /* OnboardingScrollingView.swift */,
				BF80C6512352388C000F4AF0 /* OnboardingPageView.swift */,
			);
			path = Onboarding;
			sourceTree = "<group>";
		};
/* End PBXGroup section */

/* Begin PBXNativeTarget section */
		BF80C62A2351A41A000F4AF0 /* VimvestSwiftUI */ = {
			isa = PBXNativeTarget;
			buildConfigurationList = BF80C63F2351A41B000F4AF0 /* Build configuration list for PBXNativeTarget "VimvestSwiftUI" */;
			buildPhases = (
				BF80C6272351A41A000F4AF0 /* Sources */,
				BF80C6282351A41A000F4AF0 /* Frameworks */,
				BF80C6292351A41A000F4AF0 /* Resources */,
			);
			buildRules = (
			);
			dependencies = (
			);
			name = VimvestSwiftUI;
			productName = VimvestSwiftUI;
			productReference = BF80C62B2351A41A000F4AF0 /* VimvestSwiftUI.app */;
			productType = "com.apple.product-type.application";
		};
/* End PBXNativeTarget section */

/* Begin PBXProject section */
		BF80C6232351A41A000F4AF0 /* Project object */ = {
			isa = PBXProject;
			attributes = {
				LastSwiftUpdateCheck = 1110;
				LastUpgradeCheck = 1110;
				ORGANIZATIONNAME = "Seth Rininger";
				TargetAttributes = {
					BF80C62A2351A41A000F4AF0 = {
						CreatedOnToolsVersion = 11.1;
					};
				};
			};
			buildConfigurationList = BF80C6262351A41A000F4AF0 /* Build configuration list for PBXProject "VimvestSwiftUI" */;
			compatibilityVersion = "Xcode 9.3";
			developmentRegion = en;
			hasScannedForEncodings = 0;
			knownRegions = (
				en,
				Base,
			);
			mainGroup = BF80C6222351A41A000F4AF0;
			productRefGroup = BF80C62C2351A41A000F4AF0 /* Products */;
			projectDirPath = "";
			projectRoot = "";
			targets = (
				BF80C62A2351A41A000F4AF0 /* VimvestSwiftUI */,
			);
		};
/* End PBXProject section */

/* Begin PBXResourcesBuildPhase section */
		BF80C6292351A41A000F4AF0 /* Resources */ = {
			isa = PBXResourcesBuildPhase;
			buildActionMask = 2147483647;
			files = (
				BF80C63B2351A41B000F4AF0 /* LaunchScreen.storyboard in Resources */,
				BF80C6382351A41B000F4AF0 /* Preview Assets.xcassets in Resources */,
				BF80C6352351A41B000F4AF0 /* Assets.xcassets in Resources */,
			);
			runOnlyForDeploymentPostprocessing = 0;
		};
/* End PBXResourcesBuildPhase section */

/* Begin PBXSourcesBuildPhase section */
		BF80C6272351A41A000F4AF0 /* Sources */ = {
			isa = PBXSourcesBuildPhase;
			buildActionMask = 2147483647;
			files = (
				BF80C6472351AE5D000F4AF0 /* ViewExtension.swift in Sources */,
				BF53D0B92352C8DA00497CF3 /* WhiteContinueButton.swift in Sources */,
				BF80C6492351AFE2000F4AF0 /* Clasp.swift in Sources */,
				BF258FC32353AABE00D1CD34 /* Constant.swift in Sources */,
				BF80C62F2351A41A000F4AF0 /* AppDelegate.swift in Sources */,
				BF80C64C23522348000F4AF0 /* OnboardingScrollingView.swift in Sources */,
				BF53D0B72352C17900497CF3 /* PagerDotControlView.swift in Sources */,
				BF80C6452351A819000F4AF0 /* GoalType.swift in Sources */,
				BF80C6522352388C000F4AF0 /* OnboardingPageView.swift in Sources */,
				BF80C656235247ED000F4AF0 /* OnboardingType.swift in Sources */,
				BF80C6312351A41A000F4AF0 /* SceneDelegate.swift in Sources */,
				BF80C64E2352281A000F4AF0 /* InitialView.swift in Sources */,
				BF80C6332351A41A000F4AF0 /* GoalTypeIconView.swift in Sources */,
				BF80C650235234D8000F4AF0 /* PagerView.swift in Sources */,
				BF80C65823525196000F4AF0 /* FontExtension.swift in Sources */,
				BF80C6432351A5A3000F4AF0 /* ColorExtension.swift in Sources */,
			);
			runOnlyForDeploymentPostprocessing = 0;
		};
/* End PBXSourcesBuildPhase section */

/* Begin PBXVariantGroup section */
		BF80C6392351A41B000F4AF0 /* LaunchScreen.storyboard */ = {
			isa = PBXVariantGroup;
			children = (
				BF80C63A2351A41B000F4AF0 /* Base */,
			);
			name = LaunchScreen.storyboard;
			sourceTree = "<group>";
		};
/* End PBXVariantGroup section */

/* Begin XCBuildConfiguration section */
		BF80C63D2351A41B000F4AF0 /* Debug */ = {
			isa = XCBuildConfiguration;
			buildSettings = {
				ALWAYS_SEARCH_USER_PATHS = NO;
				CLANG_ANALYZER_NONNULL = YES;
				CLANG_ANALYZER_NUMBER_OBJECT_CONVERSION = YES_AGGRESSIVE;
				CLANG_CXX_LANGUAGE_STANDARD = "gnu++14";
				CLANG_CXX_LIBRARY = "libc++";
				CLANG_ENABLE_MODULES = YES;
				CLANG_ENABLE_OBJC_ARC = YES;
				CLANG_ENABLE_OBJC_WEAK = YES;
				CLANG_WARN_BLOCK_CAPTURE_AUTORELEASING = YES;
				CLANG_WARN_BOOL_CONVERSION = YES;
				CLANG_WARN_COMMA = YES;
				CLANG_WARN_CONSTANT_CONVERSION = YES;
				CLANG_WARN_DEPRECATED_OBJC_IMPLEMENTATIONS = YES;
				CLANG_WARN_DIRECT_OBJC_ISA_USAGE = YES_ERROR;
				CLANG_WARN_DOCUMENTATION_COMMENTS = YES;
				CLANG_WARN_EMPTY_BODY = YES;
				CLANG_WARN_ENUM_CONVERSION = YES;
				CLANG_WARN_INFINITE_RECURSION = YES;
				CLANG_WARN_INT_CONVERSION = YES;
				CLANG_WARN_NON_LITERAL_NULL_CONVERSION = YES;
				CLANG_WARN_OBJC_IMPLICIT_RETAIN_SELF = YES;
				CLANG_WARN_OBJC_LITERAL_CONVERSION = YES;
				CLANG_WARN_OBJC_ROOT_CLASS = YES_ERROR;
				CLANG_WARN_RANGE_LOOP_ANALYSIS = YES;
				CLANG_WARN_STRICT_PROTOTYPES = YES;
				CLANG_WARN_SUSPICIOUS_MOVE = YES;
				CLANG_WARN_UNGUARDED_AVAILABILITY = YES_AGGRESSIVE;
				CLANG_WARN_UNREACHABLE_CODE = YES;
				CLANG_WARN__DUPLICATE_METHOD_MATCH = YES;
				COPY_PHASE_STRIP = NO;
				DEBUG_INFORMATION_FORMAT = dwarf;
				ENABLE_STRICT_OBJC_MSGSEND = YES;
				ENABLE_TESTABILITY = YES;
				GCC_C_LANGUAGE_STANDARD = gnu11;
				GCC_DYNAMIC_NO_PIC = NO;
				GCC_NO_COMMON_BLOCKS = YES;
				GCC_OPTIMIZATION_LEVEL = 0;
				GCC_PREPROCESSOR_DEFINITIONS = (
					"DEBUG=1",
					"$(inherited)",
				);
				GCC_WARN_64_TO_32_BIT_CONVERSION = YES;
				GCC_WARN_ABOUT_RETURN_TYPE = YES_ERROR;
				GCC_WARN_UNDECLARED_SELECTOR = YES;
				GCC_WARN_UNINITIALIZED_AUTOS = YES_AGGRESSIVE;
				GCC_WARN_UNUSED_FUNCTION = YES;
				GCC_WARN_UNUSED_VARIABLE = YES;
				IPHONEOS_DEPLOYMENT_TARGET = 13.1;
				MTL_ENABLE_DEBUG_INFO = INCLUDE_SOURCE;
				MTL_FAST_MATH = YES;
				ONLY_ACTIVE_ARCH = YES;
				SDKROOT = iphoneos;
				SWIFT_ACTIVE_COMPILATION_CONDITIONS = DEBUG;
				SWIFT_OPTIMIZATION_LEVEL = "-Onone";
			};
			name = Debug;
		};
		BF80C63E2351A41B000F4AF0 /* Release */ = {
			isa = XCBuildConfiguration;
			buildSettings = {
				ALWAYS_SEARCH_USER_PATHS = NO;
				CLANG_ANALYZER_NONNULL = YES;
				CLANG_ANALYZER_NUMBER_OBJECT_CONVERSION = YES_AGGRESSIVE;
				CLANG_CXX_LANGUAGE_STANDARD = "gnu++14";
				CLANG_CXX_LIBRARY = "libc++";
				CLANG_ENABLE_MODULES = YES;
				CLANG_ENABLE_OBJC_ARC = YES;
				CLANG_ENABLE_OBJC_WEAK = YES;
				CLANG_WARN_BLOCK_CAPTURE_AUTORELEASING = YES;
				CLANG_WARN_BOOL_CONVERSION = YES;
				CLANG_WARN_COMMA = YES;
				CLANG_WARN_CONSTANT_CONVERSION = YES;
				CLANG_WARN_DEPRECATED_OBJC_IMPLEMENTATIONS = YES;
				CLANG_WARN_DIRECT_OBJC_ISA_USAGE = YES_ERROR;
				CLANG_WARN_DOCUMENTATION_COMMENTS = YES;
				CLANG_WARN_EMPTY_BODY = YES;
				CLANG_WARN_ENUM_CONVERSION = YES;
				CLANG_WARN_INFINITE_RECURSION = YES;
				CLANG_WARN_INT_CONVERSION = YES;
				CLANG_WARN_NON_LITERAL_NULL_CONVERSION = YES;
				CLANG_WARN_OBJC_IMPLICIT_RETAIN_SELF = YES;
				CLANG_WARN_OBJC_LITERAL_CONVERSION = YES;
				CLANG_WARN_OBJC_ROOT_CLASS = YES_ERROR;
				CLANG_WARN_RANGE_LOOP_ANALYSIS = YES;
				CLANG_WARN_STRICT_PROTOTYPES = YES;
				CLANG_WARN_SUSPICIOUS_MOVE = YES;
				CLANG_WARN_UNGUARDED_AVAILABILITY = YES_AGGRESSIVE;
				CLANG_WARN_UNREACHABLE_CODE = YES;
				CLANG_WARN__DUPLICATE_METHOD_MATCH = YES;
				COPY_PHASE_STRIP = NO;
				DEBUG_INFORMATION_FORMAT = "dwarf-with-dsym";
				ENABLE_NS_ASSERTIONS = NO;
				ENABLE_STRICT_OBJC_MSGSEND = YES;
				GCC_C_LANGUAGE_STANDARD = gnu11;
				GCC_NO_COMMON_BLOCKS = YES;
				GCC_WARN_64_TO_32_BIT_CONVERSION = YES;
				GCC_WARN_ABOUT_RETURN_TYPE = YES_ERROR;
				GCC_WARN_UNDECLARED_SELECTOR = YES;
				GCC_WARN_UNINITIALIZED_AUTOS = YES_AGGRESSIVE;
				GCC_WARN_UNUSED_FUNCTION = YES;
				GCC_WARN_UNUSED_VARIABLE = YES;
				IPHONEOS_DEPLOYMENT_TARGET = 13.1;
				MTL_ENABLE_DEBUG_INFO = NO;
				MTL_FAST_MATH = YES;
				SDKROOT = iphoneos;
				SWIFT_COMPILATION_MODE = wholemodule;
				SWIFT_OPTIMIZATION_LEVEL = "-O";
				VALIDATE_PRODUCT = YES;
			};
			name = Release;
		};
		BF80C6402351A41B000F4AF0 /* Debug */ = {
			isa = XCBuildConfiguration;
			buildSettings = {
				ASSETCATALOG_COMPILER_APPICON_NAME = AppIcon;
				CODE_SIGN_STYLE = Automatic;
				DEVELOPMENT_ASSET_PATHS = "\"VimvestSwiftUI/Preview Content\"";
				DEVELOPMENT_TEAM = EHMD67UHJS;
				ENABLE_PREVIEWS = YES;
				INFOPLIST_FILE = VimvestSwiftUI/Info.plist;
				LD_RUNPATH_SEARCH_PATHS = (
					"$(inherited)",
					"@executable_path/Frameworks",
				);
				PRODUCT_BUNDLE_IDENTIFIER = com.Seth.me.VimvestSwiftUI;
				PRODUCT_NAME = "$(TARGET_NAME)";
				SWIFT_VERSION = 5.0;
				TARGETED_DEVICE_FAMILY = "1,2";
			};
			name = Debug;
		};
		BF80C6412351A41B000F4AF0 /* Release */ = {
			isa = XCBuildConfiguration;
			buildSettings = {
				ASSETCATALOG_COMPILER_APPICON_NAME = AppIcon;
				CODE_SIGN_STYLE = Automatic;
				DEVELOPMENT_ASSET_PATHS = "\"VimvestSwiftUI/Preview Content\"";
				DEVELOPMENT_TEAM = EHMD67UHJS;
				ENABLE_PREVIEWS = YES;
				INFOPLIST_FILE = VimvestSwiftUI/Info.plist;
				LD_RUNPATH_SEARCH_PATHS = (
					"$(inherited)",
					"@executable_path/Frameworks",
				);
				PRODUCT_BUNDLE_IDENTIFIER = com.Seth.me.VimvestSwiftUI;
				PRODUCT_NAME = "$(TARGET_NAME)";
				SWIFT_VERSION = 5.0;
				TARGETED_DEVICE_FAMILY = "1,2";
			};
			name = Release;
		};
/* End XCBuildConfiguration section */

/* Begin XCConfigurationList section */
		BF80C6262351A41A000F4AF0 /* Build configuration list for PBXProject "VimvestSwiftUI" */ = {
			isa = XCConfigurationList;
			buildConfigurations = (
				BF80C63D2351A41B000F4AF0 /* Debug */,
				BF80C63E2351A41B000F4AF0 /* Release */,
			);
			defaultConfigurationIsVisible = 0;
			defaultConfigurationName = Release;
		};
		BF80C63F2351A41B000F4AF0 /* Build configuration list for PBXNativeTarget "VimvestSwiftUI" */ = {
			isa = XCConfigurationList;
			buildConfigurations = (
				BF80C6402351A41B000F4AF0 /* Debug */,
				BF80C6412351A41B000F4AF0 /* Release */,
			);
			defaultConfigurationIsVisible = 0;
			defaultConfigurationName = Release;
		};
/* End XCConfigurationList section */
	};
	rootObject = BF80C6232351A41A000F4AF0 /* Project object */;
}
